
Microsoft Visual Studio Solution File, Format Version 12.00
# Visual Studio Version 16
VisualStudioVersion = 16.0.30204.135
MinimumVisualStudioVersion = 10.0.40219.1
Project("{9A19103F-16F7-4668-BE54-9A1E7A4F7556}") = "ImportAsapUserToTessituraService", "ImportAsapUserToTessituraService.csproj", "{098FDEAD-E65E-41ED-85F2-848849E6865F}"
EndProject
Global
	GlobalSection(SolutionConfigurationPlatforms) = preSolution
		Debug|Any CPU = Debug|Any CPU
		Release|Any CPU = Release|Any CPU
	EndGlobalSection
	GlobalSection(ProjectConfigurationPlatforms) = postSolution
		{098FDEAD-E65E-41ED-85F2-848849E6865F}.Debug|Any CPU.ActiveCfg = Debug|Any CPU
		{098FDEAD-E65E-41ED-85F2-848849E6865F}.Debug|Any CPU.Build.0 = Debug|Any CPU
		{098FDEAD-E65E-41ED-85F2-848849E6865F}.Release|Any CPU.ActiveCfg = Release|Any CPU
		{098FDEAD-E65E-41ED-85F2-848849E6865F}.Release|Any CPU.Build.0 = Release|Any CPU
	EndGlobalSection
	GlobalSection(SolutionProperties) = preSolution
		HideSolutionNode = FALSE
	EndGlobalSection
	GlobalSection(ExtensibilityGlobals) = postSolution
		SolutionGuid = {635F27A6-C7B5-48A7-B897-AE7BFFEC31A0}
	EndGlobalSection
EndGlobal
