
Microsoft Visual Studio Solution File, Format Version 12.00
# Visual Studio Version 16
VisualStudioVersion = 16.0.29609.76
MinimumVisualStudioVersion = 10.0.40219.1
Project("{FAE04EC0-301F-11D3-BF4B-00C04F79EFBC}") = "Evaluations2.0", "Evaluations2.0\Evaluations2.0.csproj", "{79FB205F-EC24-43BB-9DA7-33E7486F3060}"
EndProject
Global
	GlobalSection(SolutionConfigurationPlatforms) = preSolution
		Debug|Any CPU = Debug|Any CPU
		Release|Any CPU = Release|Any CPU
	EndGlobalSection
	GlobalSection(ProjectConfigurationPlatforms) = postSolution
		{79FB205F-EC24-43BB-9DA7-33E7486F3060}.Debug|Any CPU.ActiveCfg = Debug|Any CPU
		{79FB205F-EC24-43BB-9DA7-33E7486F3060}.Debug|Any CPU.Build.0 = Debug|Any CPU
		{79FB205F-EC24-43BB-9DA7-33E7486F3060}.Release|Any CPU.ActiveCfg = Release|Any CPU
		{79FB205F-EC24-43BB-9DA7-33E7486F3060}.Release|Any CPU.Build.0 = Release|Any CPU
	EndGlobalSection
	GlobalSection(SolutionProperties) = preSolution
		HideSolutionNode = FALSE
	EndGlobalSection
	GlobalSection(ExtensibilityGlobals) = postSolution
		SolutionGuid = {186EC637-FFFA-45CE-A097-05D562214DEE}
	EndGlobalSection
EndGlobal
